// !$*UTF8*$!
{
	archiveVersion = 1;
	classes = {
	};
	objectVersion = 56;
	objects = {

/* Begin PBXBuildFile section */
		00253A002B6E356E00750FB1 /* Bedrock.swift in Sources */ = {isa = PBXBuildFile; fileRef = 002539FF2B6E356E00750FB1 /* Bedrock.swift */; };
		0044348A2B3867FA00C396A9 /* EC2View.swift in Sources */ = {isa = PBXBuildFile; fileRef = 004434892B3867FA00C396A9 /* EC2View.swift */; };
		0044348C2B38698D00C396A9 /* ViewModel.swift in Sources */ = {isa = PBXBuildFile; fileRef = 0044348B2B38698D00C396A9 /* ViewModel.swift */; };
		0052B77F2B865A2D00158B09 /* aws-dark.png in Resources */ = {isa = PBXBuildFile; fileRef = 0052B77E2B865A2D00158B09 /* aws-dark.png */; };
		007469DA2B3B2054007A7DEB /* Logging in Frameworks */ = {isa = PBXBuildFile; productRef = 007469D92B3B2054007A7DEB /* Logging */; };
		007469E42B3B209E007A7DEB /* Authenticator in Frameworks */ = {isa = PBXBuildFile; productRef = 007469E32B3B209E007A7DEB /* Authenticator */; };
		007469E92B3B2604007A7DEB /* aws-light.png in Resources */ = {isa = PBXBuildFile; fileRef = 007469E62B3B2603007A7DEB /* aws-light.png */; };
		007469EA2B3B2604007A7DEB /* ubuntu.png in Resources */ = {isa = PBXBuildFile; fileRef = 007469E72B3B2603007A7DEB /* ubuntu.png */; };
		007469EB2B3B2604007A7DEB /* windows.png in Resources */ = {isa = PBXBuildFile; fileRef = 007469E82B3B2604007A7DEB /* windows.png */; };
		007469ED2B3B270D007A7DEB /* linux.png in Resources */ = {isa = PBXBuildFile; fileRef = 007469EC2B3B270D007A7DEB /* linux.png */; };
		008C55462B365C5600317701 /* EC2ManagerApp.swift in Sources */ = {isa = PBXBuildFile; fileRef = 008C55452B365C5600317701 /* EC2ManagerApp.swift */; };
		008C55482B365C5600317701 /* ContentView.swift in Sources */ = {isa = PBXBuildFile; fileRef = 008C55472B365C5600317701 /* ContentView.swift */; };
		008C554A2B365C5700317701 /* Assets.xcassets in Resources */ = {isa = PBXBuildFile; fileRef = 008C55492B365C5700317701 /* Assets.xcassets */; };
		008C554D2B365C5700317701 /* Preview Assets.xcassets in Resources */ = {isa = PBXBuildFile; fileRef = 008C554C2B365C5700317701 /* Preview Assets.xcassets */; };
		008C557A2B3661A300317701 /* Backend.swift in Sources */ = {isa = PBXBuildFile; fileRef = 008C55792B3661A300317701 /* Backend.swift */; };
		009DF60D2B847E3500A86F42 /* EC2ManagerUnitTests.swift in Sources */ = {isa = PBXBuildFile; fileRef = 009DF60C2B847E3500A86F42 /* EC2ManagerUnitTests.swift */; };
		009DF61A2B847E9B00A86F42 /* EC2ManagerUITests.swift in Sources */ = {isa = PBXBuildFile; fileRef = 009DF6192B847E9B00A86F42 /* EC2ManagerUITests.swift */; };
		009DF61C2B847E9B00A86F42 /* EC2ManagerUITestsLaunchTests.swift in Sources */ = {isa = PBXBuildFile; fileRef = 009DF61B2B847E9B00A86F42 /* EC2ManagerUITestsLaunchTests.swift */; };
		009DF62B2B847F4800A86F42 /* 00_common.sh in Resources */ = {isa = PBXBuildFile; fileRef = 009DF6232B847F4800A86F42 /* 00_common.sh */; };
		009DF62C2B847F4800A86F42 /* 04_local_tests.sh in Resources */ = {isa = PBXBuildFile; fileRef = 009DF6242B847F4800A86F42 /* 04_local_tests.sh */; };
		009DF62D2B847F4800A86F42 /* 01_keychain.sh in Resources */ = {isa = PBXBuildFile; fileRef = 009DF6252B847F4800A86F42 /* 01_keychain.sh */; };
		009DF62E2B847F4800A86F42 /* 02_amplify.sh in Resources */ = {isa = PBXBuildFile; fileRef = 009DF6262B847F4800A86F42 /* 02_amplify.sh */; };
		009DF62F2B847F4800A86F42 /* 06_deploy_testflight.sh in Resources */ = {isa = PBXBuildFile; fileRef = 009DF6272B847F4800A86F42 /* 06_deploy_testflight.sh */; };
		009DF6302B847F4800A86F42 /* 07_cleanup.sh in Resources */ = {isa = PBXBuildFile; fileRef = 009DF6282B847F4800A86F42 /* 07_cleanup.sh */; };
		009DF6312B847F4800A86F42 /* import_secrets.sh in Resources */ = {isa = PBXBuildFile; fileRef = 009DF6292B847F4800A86F42 /* import_secrets.sh */; };
		009DF6322B847F4800A86F42 /* 03_build.sh in Resources */ = {isa = PBXBuildFile; fileRef = 009DF62A2B847F4800A86F42 /* 03_build.sh */; };
		00B7686B2B5E6C4E00FBA087 /* macos.png in Resources */ = {isa = PBXBuildFile; fileRef = 00B7686A2B5E6C4E00FBA087 /* macos.png */; };
		00D4F2832B70CDCA003B8E8B /* AWSPluginsCore in Frameworks */ = {isa = PBXBuildFile; productRef = 00D4F2822B70CDCA003B8E8B /* AWSPluginsCore */; };
		00D4F2892B70CDCA003B8E8B /* Amplify in Frameworks */ = {isa = PBXBuildFile; productRef = 00D4F2882B70CDCA003B8E8B /* Amplify */; };
		00D4F2AE2B70D2C1003B8E8B /* AWSCognitoAuthPlugin in Frameworks */ = {isa = PBXBuildFile; productRef = 00D4F2AD2B70D2C1003B8E8B /* AWSCognitoAuthPlugin */; };
		00DA4B202B88F60B00D1FB40 /* AWSBedrockAgentRuntime in Frameworks */ = {isa = PBXBuildFile; productRef = 00DA4B1F2B88F60B00D1FB40 /* AWSBedrockAgentRuntime */; };
		00DA4B222B88F60B00D1FB40 /* AWSBedrockRuntime in Frameworks */ = {isa = PBXBuildFile; productRef = 00DA4B212B88F60B00D1FB40 /* AWSBedrockRuntime */; };
		4657BC8027104CB13C5149BD /* awsconfiguration.json in Resources */ = {isa = PBXBuildFile; fileRef = D8D7C1595A9DE591E5211E2A /* awsconfiguration.json */; };
		EBD76C3B5DE7353249B1C0AA /* amplifyconfiguration.json in Resources */ = {isa = PBXBuildFile; fileRef = A1176872B88582B66ED764FB /* amplifyconfiguration.json */; };
/* End PBXBuildFile section */

/* Begin PBXContainerItemProxy section */
		009DF60E2B847E3500A86F42 /* PBXContainerItemProxy */ = {
			isa = PBXContainerItemProxy;
			containerPortal = 008C553A2B365C5600317701 /* Project object */;
			proxyType = 1;
			remoteGlobalIDString = 008C55412B365C5600317701;
			remoteInfo = EC2Manager;
		};
		009DF61D2B847E9B00A86F42 /* PBXContainerItemProxy */ = {
			isa = PBXContainerItemProxy;
			containerPortal = 008C553A2B365C5600317701 /* Project object */;
			proxyType = 1;
			remoteGlobalIDString = 008C55412B365C5600317701;
			remoteInfo = EC2Manager;
		};
/* End PBXContainerItemProxy section */

/* Begin PBXFileReference section */
		002539FF2B6E356E00750FB1 /* Bedrock.swift */ = {isa = PBXFileReference; lastKnownFileType = sourcecode.swift; path = Bedrock.swift; sourceTree = "<group>"; };
		004434892B3867FA00C396A9 /* EC2View.swift */ = {isa = PBXFileReference; lastKnownFileType = sourcecode.swift; path = EC2View.swift; sourceTree = "<group>"; };
		0044348B2B38698D00C396A9 /* ViewModel.swift */ = {isa = PBXFileReference; lastKnownFileType = sourcecode.swift; path = ViewModel.swift; sourceTree = "<group>"; };
		0052B77E2B865A2D00158B09 /* aws-dark.png */ = {isa = PBXFileReference; lastKnownFileType = image.png; path = "aws-dark.png"; sourceTree = "<group>"; };
		007469E62B3B2603007A7DEB /* aws-light.png */ = {isa = PBXFileReference; lastKnownFileType = image.png; path = "aws-light.png"; sourceTree = "<group>"; };
		007469E72B3B2603007A7DEB /* ubuntu.png */ = {isa = PBXFileReference; lastKnownFileType = image.png; path = ubuntu.png; sourceTree = "<group>"; };
		007469E82B3B2604007A7DEB /* windows.png */ = {isa = PBXFileReference; lastKnownFileType = image.png; path = windows.png; sourceTree = "<group>"; };
		007469EC2B3B270D007A7DEB /* linux.png */ = {isa = PBXFileReference; lastKnownFileType = image.png; path = linux.png; sourceTree = "<group>"; };
		008C55422B365C5600317701 /* EC2Manager.app */ = {isa = PBXFileReference; explicitFileType = wrapper.application; includeInIndex = 0; path = EC2Manager.app; sourceTree = BUILT_PRODUCTS_DIR; };
		008C55452B365C5600317701 /* EC2ManagerApp.swift */ = {isa = PBXFileReference; lastKnownFileType = sourcecode.swift; path = EC2ManagerApp.swift; sourceTree = "<group>"; };
		008C55472B365C5600317701 /* ContentView.swift */ = {isa = PBXFileReference; lastKnownFileType = sourcecode.swift; path = ContentView.swift; sourceTree = "<group>"; };
		008C55492B365C5700317701 /* Assets.xcassets */ = {isa = PBXFileReference; lastKnownFileType = folder.assetcatalog; path = Assets.xcassets; sourceTree = "<group>"; };
		008C554C2B365C5700317701 /* Preview Assets.xcassets */ = {isa = PBXFileReference; lastKnownFileType = folder.assetcatalog; path = "Preview Assets.xcassets"; sourceTree = "<group>"; };
		008C55792B3661A300317701 /* Backend.swift */ = {isa = PBXFileReference; lastKnownFileType = sourcecode.swift; path = Backend.swift; sourceTree = "<group>"; };
		009DF60A2B847E3500A86F42 /* EC2ManagerUnitTests.xctest */ = {isa = PBXFileReference; explicitFileType = wrapper.cfbundle; includeInIndex = 0; path = EC2ManagerUnitTests.xctest; sourceTree = BUILT_PRODUCTS_DIR; };
		009DF60C2B847E3500A86F42 /* EC2ManagerUnitTests.swift */ = {isa = PBXFileReference; lastKnownFileType = sourcecode.swift; path = EC2ManagerUnitTests.swift; sourceTree = "<group>"; };
		009DF6172B847E9B00A86F42 /* EC2ManagerUITests.xctest */ = {isa = PBXFileReference; explicitFileType = wrapper.cfbundle; includeInIndex = 0; path = EC2ManagerUITests.xctest; sourceTree = BUILT_PRODUCTS_DIR; };
		009DF6192B847E9B00A86F42 /* EC2ManagerUITests.swift */ = {isa = PBXFileReference; lastKnownFileType = sourcecode.swift; path = EC2ManagerUITests.swift; sourceTree = "<group>"; };
		009DF61B2B847E9B00A86F42 /* EC2ManagerUITestsLaunchTests.swift */ = {isa = PBXFileReference; lastKnownFileType = sourcecode.swift; path = EC2ManagerUITestsLaunchTests.swift; sourceTree = "<group>"; };
		009DF6232B847F4800A86F42 /* 00_common.sh */ = {isa = PBXFileReference; fileEncoding = 4; lastKnownFileType = text.script.sh; path = 00_common.sh; sourceTree = "<group>"; };
		009DF6242B847F4800A86F42 /* 04_local_tests.sh */ = {isa = PBXFileReference; fileEncoding = 4; lastKnownFileType = text.script.sh; path = 04_local_tests.sh; sourceTree = "<group>"; };
		009DF6252B847F4800A86F42 /* 01_keychain.sh */ = {isa = PBXFileReference; fileEncoding = 4; lastKnownFileType = text.script.sh; path = 01_keychain.sh; sourceTree = "<group>"; };
		009DF6262B847F4800A86F42 /* 02_amplify.sh */ = {isa = PBXFileReference; fileEncoding = 4; lastKnownFileType = text.script.sh; path = 02_amplify.sh; sourceTree = "<group>"; };
		009DF6272B847F4800A86F42 /* 06_deploy_testflight.sh */ = {isa = PBXFileReference; fileEncoding = 4; lastKnownFileType = text.script.sh; path = 06_deploy_testflight.sh; sourceTree = "<group>"; };
		009DF6282B847F4800A86F42 /* 07_cleanup.sh */ = {isa = PBXFileReference; fileEncoding = 4; lastKnownFileType = text.script.sh; path = 07_cleanup.sh; sourceTree = "<group>"; };
		009DF6292B847F4800A86F42 /* import_secrets.sh */ = {isa = PBXFileReference; fileEncoding = 4; lastKnownFileType = text.script.sh; path = import_secrets.sh; sourceTree = "<group>"; };
		009DF62A2B847F4800A86F42 /* 03_build.sh */ = {isa = PBXFileReference; fileEncoding = 4; lastKnownFileType = text.script.sh; path = 03_build.sh; sourceTree = "<group>"; };
		00B7686A2B5E6C4E00FBA087 /* macos.png */ = {isa = PBXFileReference; lastKnownFileType = image.png; path = macos.png; sourceTree = "<group>"; };
		00F4CDEE2B367334005C35A7 /* Info.plist */ = {isa = PBXFileReference; lastKnownFileType = text.plist; path = Info.plist; sourceTree = "<group>"; };
		A1176872B88582B66ED764FB /* amplifyconfiguration.json */ = {isa = PBXFileReference; explicitFileType = text.json; path = amplifyconfiguration.json; sourceTree = "<group>"; };
		D8D7C1595A9DE591E5211E2A /* awsconfiguration.json */ = {isa = PBXFileReference; explicitFileType = text.json; path = awsconfiguration.json; sourceTree = "<group>"; };
/* End PBXFileReference section */

/* Begin PBXFrameworksBuildPhase section */
		008C553F2B365C5600317701 /* Frameworks */ = {
			isa = PBXFrameworksBuildPhase;
			buildActionMask = 2147483647;
			files = (
				00DA4B222B88F60B00D1FB40 /* AWSBedrockRuntime in Frameworks */,
				00D4F2892B70CDCA003B8E8B /* Amplify in Frameworks */,
				00D4F2AE2B70D2C1003B8E8B /* AWSCognitoAuthPlugin in Frameworks */,
				00DA4B202B88F60B00D1FB40 /* AWSBedrockAgentRuntime in Frameworks */,
				00D4F2832B70CDCA003B8E8B /* AWSPluginsCore in Frameworks */,
				007469E42B3B209E007A7DEB /* Authenticator in Frameworks */,
				007469DA2B3B2054007A7DEB /* Logging in Frameworks */,
			);
			runOnlyForDeploymentPostprocessing = 0;
		};
		009DF6072B847E3500A86F42 /* Frameworks */ = {
			isa = PBXFrameworksBuildPhase;
			buildActionMask = 2147483647;
			files = (
			);
			runOnlyForDeploymentPostprocessing = 0;
		};
		009DF6142B847E9B00A86F42 /* Frameworks */ = {
			isa = PBXFrameworksBuildPhase;
			buildActionMask = 2147483647;
			files = (
			);
			runOnlyForDeploymentPostprocessing = 0;
		};
/* End PBXFrameworksBuildPhase section */

/* Begin PBXGroup section */
		00558E5F2B36650300977D2D /* Frameworks */ = {
			isa = PBXGroup;
			children = (
			);
			name = Frameworks;
			sourceTree = "<group>";
		};
		007469E52B3B25BA007A7DEB /* Resources */ = {
			isa = PBXGroup;
			children = (
				007469E62B3B2603007A7DEB /* aws-light.png */,
				0052B77E2B865A2D00158B09 /* aws-dark.png */,
				00B7686A2B5E6C4E00FBA087 /* macos.png */,
				007469EC2B3B270D007A7DEB /* linux.png */,
				007469E72B3B2603007A7DEB /* ubuntu.png */,
				007469E82B3B2604007A7DEB /* windows.png */,
			);
			path = Resources;
			sourceTree = "<group>";
		};
		008C55392B365C5600317701 = {
			isa = PBXGroup;
			children = (
				009DF6222B847F4800A86F42 /* ci_actions */,
				007469E52B3B25BA007A7DEB /* Resources */,
				008C55442B365C5600317701 /* EC2Manager */,
				009DF60B2B847E3500A86F42 /* EC2ManagerUnitTests */,
				009DF6182B847E9B00A86F42 /* EC2ManagerUITests */,
				008C55432B365C5600317701 /* Products */,
				15B1D80EA9BF09B42DF91CB4 /* AmplifyConfig */,
				00558E5F2B36650300977D2D /* Frameworks */,
			);
			sourceTree = "<group>";
		};
		008C55432B365C5600317701 /* Products */ = {
			isa = PBXGroup;
			children = (
				008C55422B365C5600317701 /* EC2Manager.app */,
				009DF60A2B847E3500A86F42 /* EC2ManagerUnitTests.xctest */,
				009DF6172B847E9B00A86F42 /* EC2ManagerUITests.xctest */,
			);
			name = Products;
			sourceTree = "<group>";
		};
		008C55442B365C5600317701 /* EC2Manager */ = {
			isa = PBXGroup;
			children = (
				00F4CDEE2B367334005C35A7 /* Info.plist */,
				008C55452B365C5600317701 /* EC2ManagerApp.swift */,
				008C55792B3661A300317701 /* Backend.swift */,
				002539FF2B6E356E00750FB1 /* Bedrock.swift */,
				0044348B2B38698D00C396A9 /* ViewModel.swift */,
				008C55472B365C5600317701 /* ContentView.swift */,
				004434892B3867FA00C396A9 /* EC2View.swift */,
				008C55492B365C5700317701 /* Assets.xcassets */,
				008C554B2B365C5700317701 /* Preview Content */,
			);
			path = EC2Manager;
			sourceTree = "<group>";
		};
		008C554B2B365C5700317701 /* Preview Content */ = {
			isa = PBXGroup;
			children = (
				008C554C2B365C5700317701 /* Preview Assets.xcassets */,
			);
			path = "Preview Content";
			sourceTree = "<group>";
		};
		009DF60B2B847E3500A86F42 /* EC2ManagerUnitTests */ = {
			isa = PBXGroup;
			children = (
				009DF60C2B847E3500A86F42 /* EC2ManagerUnitTests.swift */,
			);
			path = EC2ManagerUnitTests;
			sourceTree = "<group>";
		};
		009DF6182B847E9B00A86F42 /* EC2ManagerUITests */ = {
			isa = PBXGroup;
			children = (
				009DF6192B847E9B00A86F42 /* EC2ManagerUITests.swift */,
				009DF61B2B847E9B00A86F42 /* EC2ManagerUITestsLaunchTests.swift */,
			);
			path = EC2ManagerUITests;
			sourceTree = "<group>";
		};
		009DF6222B847F4800A86F42 /* ci_actions */ = {
			isa = PBXGroup;
			children = (
				009DF6232B847F4800A86F42 /* 00_common.sh */,
				009DF6252B847F4800A86F42 /* 01_keychain.sh */,
				009DF6262B847F4800A86F42 /* 02_amplify.sh */,
				009DF62A2B847F4800A86F42 /* 03_build.sh */,
				009DF6242B847F4800A86F42 /* 04_local_tests.sh */,
				009DF6272B847F4800A86F42 /* 06_deploy_testflight.sh */,
				009DF6282B847F4800A86F42 /* 07_cleanup.sh */,
				009DF6292B847F4800A86F42 /* import_secrets.sh */,
			);
			path = ci_actions;
			sourceTree = "<group>";
		};
		15B1D80EA9BF09B42DF91CB4 /* AmplifyConfig */ = {
			isa = PBXGroup;
			children = (
				D8D7C1595A9DE591E5211E2A /* awsconfiguration.json */,
				A1176872B88582B66ED764FB /* amplifyconfiguration.json */,
			);
			name = AmplifyConfig;
			sourceTree = "<group>";
		};
/* End PBXGroup section */

/* Begin PBXNativeTarget section */
		008C55412B365C5600317701 /* EC2Manager */ = {
			isa = PBXNativeTarget;
			buildConfigurationList = 008C55502B365C5700317701 /* Build configuration list for PBXNativeTarget "EC2Manager" */;
			buildPhases = (
				008C553E2B365C5600317701 /* Sources */,
				008C553F2B365C5600317701 /* Frameworks */,
				008C55402B365C5600317701 /* Resources */,
			);
			buildRules = (
			);
			dependencies = (
			);
			name = EC2Manager;
			packageProductDependencies = (
				007469D92B3B2054007A7DEB /* Logging */,
				007469E32B3B209E007A7DEB /* Authenticator */,
				00D4F2822B70CDCA003B8E8B /* AWSPluginsCore */,
				00D4F2882B70CDCA003B8E8B /* Amplify */,
				00D4F2AD2B70D2C1003B8E8B /* AWSCognitoAuthPlugin */,
				00DA4B1F2B88F60B00D1FB40 /* AWSBedrockAgentRuntime */,
				00DA4B212B88F60B00D1FB40 /* AWSBedrockRuntime */,
			);
			productName = EC2Manager;
			productReference = 008C55422B365C5600317701 /* EC2Manager.app */;
			productType = "com.apple.product-type.application";
		};
		009DF6092B847E3500A86F42 /* EC2ManagerUnitTests */ = {
			isa = PBXNativeTarget;
			buildConfigurationList = 009DF6122B847E3500A86F42 /* Build configuration list for PBXNativeTarget "EC2ManagerUnitTests" */;
			buildPhases = (
				009DF6062B847E3500A86F42 /* Sources */,
				009DF6072B847E3500A86F42 /* Frameworks */,
				009DF6082B847E3500A86F42 /* Resources */,
			);
			buildRules = (
			);
			dependencies = (
				009DF60F2B847E3500A86F42 /* PBXTargetDependency */,
			);
			name = EC2ManagerUnitTests;
			productName = EC2ManagerUnitTests;
			productReference = 009DF60A2B847E3500A86F42 /* EC2ManagerUnitTests.xctest */;
			productType = "com.apple.product-type.bundle.unit-test";
		};
		009DF6162B847E9B00A86F42 /* EC2ManagerUITests */ = {
			isa = PBXNativeTarget;
			buildConfigurationList = 009DF61F2B847E9B00A86F42 /* Build configuration list for PBXNativeTarget "EC2ManagerUITests" */;
			buildPhases = (
				009DF6132B847E9B00A86F42 /* Sources */,
				009DF6142B847E9B00A86F42 /* Frameworks */,
				009DF6152B847E9B00A86F42 /* Resources */,
			);
			buildRules = (
			);
			dependencies = (
				009DF61E2B847E9B00A86F42 /* PBXTargetDependency */,
			);
			name = EC2ManagerUITests;
			productName = EC2ManagerUITests;
			productReference = 009DF6172B847E9B00A86F42 /* EC2ManagerUITests.xctest */;
			productType = "com.apple.product-type.bundle.ui-testing";
		};
/* End PBXNativeTarget section */

/* Begin PBXProject section */
		008C553A2B365C5600317701 /* Project object */ = {
			isa = PBXProject;
			attributes = {
				BuildIndependentTargetsInParallel = 1;
				LastSwiftUpdateCheck = 1520;
				LastUpgradeCheck = 1510;
				TargetAttributes = {
					008C55412B365C5600317701 = {
						CreatedOnToolsVersion = 15.1;
					};
					009DF6092B847E3500A86F42 = {
						CreatedOnToolsVersion = 15.2;
						TestTargetID = 008C55412B365C5600317701;
					};
					009DF6162B847E9B00A86F42 = {
						CreatedOnToolsVersion = 15.2;
						TestTargetID = 008C55412B365C5600317701;
					};
				};
			};
			buildConfigurationList = 008C553D2B365C5600317701 /* Build configuration list for PBXProject "EC2Manager" */;
			compatibilityVersion = "Xcode 14.0";
			developmentRegion = en;
			hasScannedForEncodings = 0;
			knownRegions = (
				en,
				Base,
			);
			mainGroup = 008C55392B365C5600317701;
			packageReferences = (
				007469D82B3B2054007A7DEB /* XCRemoteSwiftPackageReference "swift-log" */,
				007469E22B3B209E007A7DEB /* XCRemoteSwiftPackageReference "amplify-ui-swift-authenticator" */,
				005714032B7BC9FD00380310 /* XCRemoteSwiftPackageReference "amplify-swift" */,
				00DA4B1E2B88F5F100D1FB40 /* XCRemoteSwiftPackageReference "aws-sdk-swift" */,
			);
			productRefGroup = 008C55432B365C5600317701 /* Products */;
			projectDirPath = "";
			projectRoot = "";
			targets = (
				008C55412B365C5600317701 /* EC2Manager */,
				009DF6092B847E3500A86F42 /* EC2ManagerUnitTests */,
				009DF6162B847E9B00A86F42 /* EC2ManagerUITests */,
			);
		};
/* End PBXProject section */

/* Begin PBXResourcesBuildPhase section */
		008C55402B365C5600317701 /* Resources */ = {
			isa = PBXResourcesBuildPhase;
			buildActionMask = 2147483647;
			files = (
				00B7686B2B5E6C4E00FBA087 /* macos.png in Resources */,
				009DF62B2B847F4800A86F42 /* 00_common.sh in Resources */,
				009DF62C2B847F4800A86F42 /* 04_local_tests.sh in Resources */,
				007469E92B3B2604007A7DEB /* aws-light.png in Resources */,
				009DF6322B847F4800A86F42 /* 03_build.sh in Resources */,
				0052B77F2B865A2D00158B09 /* aws-dark.png in Resources */,
				007469ED2B3B270D007A7DEB /* linux.png in Resources */,
				009DF62F2B847F4800A86F42 /* 06_deploy_testflight.sh in Resources */,
				007469EB2B3B2604007A7DEB /* windows.png in Resources */,
				008C554D2B365C5700317701 /* Preview Assets.xcassets in Resources */,
				009DF6302B847F4800A86F42 /* 07_cleanup.sh in Resources */,
				009DF62D2B847F4800A86F42 /* 01_keychain.sh in Resources */,
				008C554A2B365C5700317701 /* Assets.xcassets in Resources */,
				4657BC8027104CB13C5149BD /* awsconfiguration.json in Resources */,
				009DF62E2B847F4800A86F42 /* 02_amplify.sh in Resources */,
				009DF6312B847F4800A86F42 /* import_secrets.sh in Resources */,
				EBD76C3B5DE7353249B1C0AA /* amplifyconfiguration.json in Resources */,
				007469EA2B3B2604007A7DEB /* ubuntu.png in Resources */,
			);
			runOnlyForDeploymentPostprocessing = 0;
		};
		009DF6082B847E3500A86F42 /* Resources */ = {
			isa = PBXResourcesBuildPhase;
			buildActionMask = 2147483647;
			files = (
			);
			runOnlyForDeploymentPostprocessing = 0;
		};
		009DF6152B847E9B00A86F42 /* Resources */ = {
			isa = PBXResourcesBuildPhase;
			buildActionMask = 2147483647;
			files = (
			);
			runOnlyForDeploymentPostprocessing = 0;
		};
/* End PBXResourcesBuildPhase section */

/* Begin PBXSourcesBuildPhase section */
		008C553E2B365C5600317701 /* Sources */ = {
			isa = PBXSourcesBuildPhase;
			buildActionMask = 2147483647;
			files = (
				00253A002B6E356E00750FB1 /* Bedrock.swift in Sources */,
				0044348C2B38698D00C396A9 /* ViewModel.swift in Sources */,
				008C55482B365C5600317701 /* ContentView.swift in Sources */,
				0044348A2B3867FA00C396A9 /* EC2View.swift in Sources */,
				008C55462B365C5600317701 /* EC2ManagerApp.swift in Sources */,
				008C557A2B3661A300317701 /* Backend.swift in Sources */,
			);
			runOnlyForDeploymentPostprocessing = 0;
		};
		009DF6062B847E3500A86F42 /* Sources */ = {
			isa = PBXSourcesBuildPhase;
			buildActionMask = 2147483647;
			files = (
				009DF60D2B847E3500A86F42 /* EC2ManagerUnitTests.swift in Sources */,
			);
			runOnlyForDeploymentPostprocessing = 0;
		};
		009DF6132B847E9B00A86F42 /* Sources */ = {
			isa = PBXSourcesBuildPhase;
			buildActionMask = 2147483647;
			files = (
				009DF61A2B847E9B00A86F42 /* EC2ManagerUITests.swift in Sources */,
				009DF61C2B847E9B00A86F42 /* EC2ManagerUITestsLaunchTests.swift in Sources */,
			);
			runOnlyForDeploymentPostprocessing = 0;
		};
/* End PBXSourcesBuildPhase section */

/* Begin PBXTargetDependency section */
		009DF60F2B847E3500A86F42 /* PBXTargetDependency */ = {
			isa = PBXTargetDependency;
			target = 008C55412B365C5600317701 /* EC2Manager */;
			targetProxy = 009DF60E2B847E3500A86F42 /* PBXContainerItemProxy */;
		};
		009DF61E2B847E9B00A86F42 /* PBXTargetDependency */ = {
			isa = PBXTargetDependency;
			target = 008C55412B365C5600317701 /* EC2Manager */;
			targetProxy = 009DF61D2B847E9B00A86F42 /* PBXContainerItemProxy */;
		};
/* End PBXTargetDependency section */

/* Begin XCBuildConfiguration section */
		008C554E2B365C5700317701 /* Debug */ = {
			isa = XCBuildConfiguration;
			buildSettings = {
				ALWAYS_SEARCH_USER_PATHS = NO;
				ASSETCATALOG_COMPILER_GENERATE_SWIFT_ASSET_SYMBOL_EXTENSIONS = YES;
				CLANG_ANALYZER_NONNULL = YES;
				CLANG_ANALYZER_NUMBER_OBJECT_CONVERSION = YES_AGGRESSIVE;
				CLANG_CXX_LANGUAGE_STANDARD = "gnu++20";
				CLANG_ENABLE_MODULES = YES;
				CLANG_ENABLE_OBJC_ARC = YES;
				CLANG_ENABLE_OBJC_WEAK = YES;
				CLANG_WARN_BLOCK_CAPTURE_AUTORELEASING = YES;
				CLANG_WARN_BOOL_CONVERSION = YES;
				CLANG_WARN_COMMA = YES;
				CLANG_WARN_CONSTANT_CONVERSION = YES;
				CLANG_WARN_DEPRECATED_OBJC_IMPLEMENTATIONS = YES;
				CLANG_WARN_DIRECT_OBJC_ISA_USAGE = YES_ERROR;
				CLANG_WARN_DOCUMENTATION_COMMENTS = YES;
				CLANG_WARN_EMPTY_BODY = YES;
				CLANG_WARN_ENUM_CONVERSION = YES;
				CLANG_WARN_INFINITE_RECURSION = YES;
				CLANG_WARN_INT_CONVERSION = YES;
				CLANG_WARN_NON_LITERAL_NULL_CONVERSION = YES;
				CLANG_WARN_OBJC_IMPLICIT_RETAIN_SELF = YES;
				CLANG_WARN_OBJC_LITERAL_CONVERSION = YES;
				CLANG_WARN_OBJC_ROOT_CLASS = YES_ERROR;
				CLANG_WARN_QUOTED_INCLUDE_IN_FRAMEWORK_HEADER = YES;
				CLANG_WARN_RANGE_LOOP_ANALYSIS = YES;
				CLANG_WARN_STRICT_PROTOTYPES = YES;
				CLANG_WARN_SUSPICIOUS_MOVE = YES;
				CLANG_WARN_UNGUARDED_AVAILABILITY = YES_AGGRESSIVE;
				CLANG_WARN_UNREACHABLE_CODE = YES;
				CLANG_WARN__DUPLICATE_METHOD_MATCH = YES;
				COPY_PHASE_STRIP = NO;
				DEBUG_INFORMATION_FORMAT = dwarf;
				ENABLE_STRICT_OBJC_MSGSEND = YES;
				ENABLE_TESTABILITY = YES;
				ENABLE_USER_SCRIPT_SANDBOXING = YES;
				GCC_C_LANGUAGE_STANDARD = gnu17;
				GCC_DYNAMIC_NO_PIC = NO;
				GCC_NO_COMMON_BLOCKS = YES;
				GCC_OPTIMIZATION_LEVEL = 0;
				GCC_PREPROCESSOR_DEFINITIONS = (
					"DEBUG=1",
					"$(inherited)",
				);
				GCC_WARN_64_TO_32_BIT_CONVERSION = YES;
				GCC_WARN_ABOUT_RETURN_TYPE = YES_ERROR;
				GCC_WARN_UNDECLARED_SELECTOR = YES;
				GCC_WARN_UNINITIALIZED_AUTOS = YES_AGGRESSIVE;
				GCC_WARN_UNUSED_FUNCTION = YES;
				GCC_WARN_UNUSED_VARIABLE = YES;
				IPHONEOS_DEPLOYMENT_TARGET = 16.0;
				LOCALIZATION_PREFERS_STRING_CATALOGS = YES;
				MACOSX_DEPLOYMENT_TARGET = 14.0;
				MTL_ENABLE_DEBUG_INFO = INCLUDE_SOURCE;
				MTL_FAST_MATH = YES;
				ONLY_ACTIVE_ARCH = YES;
				SDKROOT = iphoneos;
				SWIFT_ACTIVE_COMPILATION_CONDITIONS = "DEBUG $(inherited)";
				SWIFT_OPTIMIZATION_LEVEL = "-Onone";
			};
			name = Debug;
		};
		008C554F2B365C5700317701 /* Release */ = {
			isa = XCBuildConfiguration;
			buildSettings = {
				ALWAYS_SEARCH_USER_PATHS = NO;
				ASSETCATALOG_COMPILER_GENERATE_SWIFT_ASSET_SYMBOL_EXTENSIONS = YES;
				CLANG_ANALYZER_NONNULL = YES;
				CLANG_ANALYZER_NUMBER_OBJECT_CONVERSION = YES_AGGRESSIVE;
				CLANG_CXX_LANGUAGE_STANDARD = "gnu++20";
				CLANG_ENABLE_MODULES = YES;
				CLANG_ENABLE_OBJC_ARC = YES;
				CLANG_ENABLE_OBJC_WEAK = YES;
				CLANG_WARN_BLOCK_CAPTURE_AUTORELEASING = YES;
				CLANG_WARN_BOOL_CONVERSION = YES;
				CLANG_WARN_COMMA = YES;
				CLANG_WARN_CONSTANT_CONVERSION = YES;
				CLANG_WARN_DEPRECATED_OBJC_IMPLEMENTATIONS = YES;
				CLANG_WARN_DIRECT_OBJC_ISA_USAGE = YES_ERROR;
				CLANG_WARN_DOCUMENTATION_COMMENTS = YES;
				CLANG_WARN_EMPTY_BODY = YES;
				CLANG_WARN_ENUM_CONVERSION = YES;
				CLANG_WARN_INFINITE_RECURSION = YES;
				CLANG_WARN_INT_CONVERSION = YES;
				CLANG_WARN_NON_LITERAL_NULL_CONVERSION = YES;
				CLANG_WARN_OBJC_IMPLICIT_RETAIN_SELF = YES;
				CLANG_WARN_OBJC_LITERAL_CONVERSION = YES;
				CLANG_WARN_OBJC_ROOT_CLASS = YES_ERROR;
				CLANG_WARN_QUOTED_INCLUDE_IN_FRAMEWORK_HEADER = YES;
				CLANG_WARN_RANGE_LOOP_ANALYSIS = YES;
				CLANG_WARN_STRICT_PROTOTYPES = YES;
				CLANG_WARN_SUSPICIOUS_MOVE = YES;
				CLANG_WARN_UNGUARDED_AVAILABILITY = YES_AGGRESSIVE;
				CLANG_WARN_UNREACHABLE_CODE = YES;
				CLANG_WARN__DUPLICATE_METHOD_MATCH = YES;
				COPY_PHASE_STRIP = NO;
				DEBUG_INFORMATION_FORMAT = "dwarf-with-dsym";
				ENABLE_NS_ASSERTIONS = NO;
				ENABLE_STRICT_OBJC_MSGSEND = YES;
				ENABLE_USER_SCRIPT_SANDBOXING = YES;
				GCC_C_LANGUAGE_STANDARD = gnu17;
				GCC_NO_COMMON_BLOCKS = YES;
				GCC_WARN_64_TO_32_BIT_CONVERSION = YES;
				GCC_WARN_ABOUT_RETURN_TYPE = YES_ERROR;
				GCC_WARN_UNDECLARED_SELECTOR = YES;
				GCC_WARN_UNINITIALIZED_AUTOS = YES_AGGRESSIVE;
				GCC_WARN_UNUSED_FUNCTION = YES;
				GCC_WARN_UNUSED_VARIABLE = YES;
				IPHONEOS_DEPLOYMENT_TARGET = 16.0;
				LOCALIZATION_PREFERS_STRING_CATALOGS = YES;
				MACOSX_DEPLOYMENT_TARGET = 14.0;
				MTL_ENABLE_DEBUG_INFO = NO;
				MTL_FAST_MATH = YES;
				SDKROOT = iphoneos;
				SWIFT_COMPILATION_MODE = wholemodule;
				VALIDATE_PRODUCT = YES;
			};
			name = Release;
		};
		008C55512B365C5700317701 /* Debug */ = {
			isa = XCBuildConfiguration;
			buildSettings = {
				ASSETCATALOG_COMPILER_APPICON_NAME = AppIcon;
				ASSETCATALOG_COMPILER_GLOBAL_ACCENT_COLOR_NAME = AccentColor;
				CODE_SIGN_IDENTITY = "Apple Development";
				"CODE_SIGN_IDENTITY[sdk=iphoneos*]" = "iPhone Distribution";
				CODE_SIGN_STYLE = Manual;
				CURRENT_PROJECT_VERSION = 20240221000000;
				DEVELOPMENT_ASSET_PATHS = "\"EC2Manager/Preview Content\"";
				DEVELOPMENT_TEAM = "";
				"DEVELOPMENT_TEAM[sdk=iphoneos*]" = 56U756R2L2;
				ENABLE_PREVIEWS = YES;
				GENERATE_INFOPLIST_FILE = YES;
				INFOPLIST_FILE = EC2Manager/Info.plist;
				INFOPLIST_KEY_CFBundleDisplayName = "EC2 Manager";
				INFOPLIST_KEY_LSApplicationCategoryType = "public.app-category.developer-tools";
				INFOPLIST_KEY_UIApplicationSupportsIndirectInputEvents = YES;
				INFOPLIST_KEY_UILaunchScreen_Generation = YES;
				INFOPLIST_KEY_UISupportedInterfaceOrientations_iPad = "UIInterfaceOrientationPortrait UIInterfaceOrientationPortraitUpsideDown UIInterfaceOrientationLandscapeLeft UIInterfaceOrientationLandscapeRight";
				INFOPLIST_KEY_UISupportedInterfaceOrientations_iPhone = "UIInterfaceOrientationPortrait UIInterfaceOrientationLandscapeLeft UIInterfaceOrientationLandscapeRight";
				LD_RUNPATH_SEARCH_PATHS = (
					"$(inherited)",
					"@executable_path/Frameworks",
				);
				"LIBRARY_SEARCH_PATHS[arch=*]" = " /Users/stormacq/Documents/amazon/code/swift/mac/BedrockMiniSDK/.build/arm64-apple-macosx/debug/";
				MACOSX_DEPLOYMENT_TARGET = 14.0;
				MARKETING_VERSION = 1.0;
				PRODUCT_BUNDLE_IDENTIFIER = com.stormacq.app.demo.EC2Manager;
				PRODUCT_NAME = "$(TARGET_NAME)";
				PROVISIONING_PROFILE_SPECIFIER = "";
				"PROVISIONING_PROFILE_SPECIFIER[sdk=iphoneos*]" = "EC2Manager-dist";
				SUPPORTED_PLATFORMS = "iphoneos iphonesimulator";
				SUPPORTS_MACCATALYST = NO;
				SUPPORTS_MAC_DESIGNED_FOR_IPHONE_IPAD = NO;
				SUPPORTS_XR_DESIGNED_FOR_IPHONE_IPAD = NO;
				SWIFT_EMIT_LOC_STRINGS = YES;
				SWIFT_VERSION = 5.0;
				TARGETED_DEVICE_FAMILY = 1;
			};
			name = Debug;
		};
		008C55522B365C5700317701 /* Release */ = {
			isa = XCBuildConfiguration;
			buildSettings = {
				ASSETCATALOG_COMPILER_APPICON_NAME = AppIcon;
				ASSETCATALOG_COMPILER_GLOBAL_ACCENT_COLOR_NAME = AccentColor;
				CODE_SIGN_IDENTITY = "Apple Development";
				"CODE_SIGN_IDENTITY[sdk=iphoneos*]" = "iPhone Distribution";
				CODE_SIGN_STYLE = Manual;
				CURRENT_PROJECT_VERSION = 20240221000000;
				DEVELOPMENT_ASSET_PATHS = "\"EC2Manager/Preview Content\"";
				DEVELOPMENT_TEAM = "";
				"DEVELOPMENT_TEAM[sdk=iphoneos*]" = 56U756R2L2;
				ENABLE_PREVIEWS = YES;
				GENERATE_INFOPLIST_FILE = YES;
				INFOPLIST_FILE = EC2Manager/Info.plist;
				INFOPLIST_KEY_CFBundleDisplayName = "EC2 Manager";
				INFOPLIST_KEY_LSApplicationCategoryType = "public.app-category.developer-tools";
				INFOPLIST_KEY_UIApplicationSupportsIndirectInputEvents = YES;
				INFOPLIST_KEY_UILaunchScreen_Generation = YES;
				INFOPLIST_KEY_UISupportedInterfaceOrientations_iPad = "UIInterfaceOrientationPortrait UIInterfaceOrientationPortraitUpsideDown UIInterfaceOrientationLandscapeLeft UIInterfaceOrientationLandscapeRight";
				INFOPLIST_KEY_UISupportedInterfaceOrientations_iPhone = "UIInterfaceOrientationPortrait UIInterfaceOrientationLandscapeLeft UIInterfaceOrientationLandscapeRight";
				LD_RUNPATH_SEARCH_PATHS = (
					"$(inherited)",
					"@executable_path/Frameworks",
				);
				"LIBRARY_SEARCH_PATHS[arch=*]" = "/Users/stormacq/Documents/amazon/code/swift/mac/BedrockMiniSDK/.build/arm64-apple-macosx/release/";
				MACOSX_DEPLOYMENT_TARGET = 14.0;
				MARKETING_VERSION = 1.0;
				PRODUCT_BUNDLE_IDENTIFIER = com.stormacq.app.demo.EC2Manager;
				PRODUCT_NAME = "$(TARGET_NAME)";
				PROVISIONING_PROFILE_SPECIFIER = "";
				"PROVISIONING_PROFILE_SPECIFIER[sdk=iphoneos*]" = "EC2Manager-dist";
				SUPPORTED_PLATFORMS = "iphoneos iphonesimulator";
				SUPPORTS_MACCATALYST = NO;
				SUPPORTS_MAC_DESIGNED_FOR_IPHONE_IPAD = NO;
				SUPPORTS_XR_DESIGNED_FOR_IPHONE_IPAD = NO;
				SWIFT_EMIT_LOC_STRINGS = YES;
				SWIFT_VERSION = 5.0;
				TARGETED_DEVICE_FAMILY = 1;
			};
			name = Release;
		};
		009DF6102B847E3500A86F42 /* Debug */ = {
			isa = XCBuildConfiguration;
			buildSettings = {
				BUNDLE_LOADER = "$(TEST_HOST)";
				CODE_SIGN_STYLE = Automatic;
				CURRENT_PROJECT_VERSION = 1;
				DEVELOPMENT_TEAM = 56U756R2L2;
				GENERATE_INFOPLIST_FILE = YES;
				IPHONEOS_DEPLOYMENT_TARGET = 17.2;
				MARKETING_VERSION = 1.0;
				PRODUCT_BUNDLE_IDENTIFIER = com.stormacq.app.demo.EC2ManagerUnitTests;
				PRODUCT_NAME = "$(TARGET_NAME)";
				SWIFT_EMIT_LOC_STRINGS = NO;
				SWIFT_VERSION = 5.0;
				TARGETED_DEVICE_FAMILY = "1,2";
				TEST_HOST = "$(BUILT_PRODUCTS_DIR)/EC2Manager.app/$(BUNDLE_EXECUTABLE_FOLDER_PATH)/EC2Manager";
			};
			name = Debug;
		};
		009DF6112B847E3500A86F42 /* Release */ = {
			isa = XCBuildConfiguration;
			buildSettings = {
				BUNDLE_LOADER = "$(TEST_HOST)";
				CODE_SIGN_STYLE = Automatic;
				CURRENT_PROJECT_VERSION = 1;
				DEVELOPMENT_TEAM = 56U756R2L2;
				GENERATE_INFOPLIST_FILE = YES;
				IPHONEOS_DEPLOYMENT_TARGET = 17.2;
				MARKETING_VERSION = 1.0;
				PRODUCT_BUNDLE_IDENTIFIER = com.stormacq.app.demo.EC2ManagerUnitTests;
				PRODUCT_NAME = "$(TARGET_NAME)";
				SWIFT_EMIT_LOC_STRINGS = NO;
				SWIFT_VERSION = 5.0;
				TARGETED_DEVICE_FAMILY = "1,2";
				TEST_HOST = "$(BUILT_PRODUCTS_DIR)/EC2Manager.app/$(BUNDLE_EXECUTABLE_FOLDER_PATH)/EC2Manager";
			};
			name = Release;
		};
		009DF6202B847E9B00A86F42 /* Debug */ = {
			isa = XCBuildConfiguration;
			buildSettings = {
				CODE_SIGN_STYLE = Automatic;
				CURRENT_PROJECT_VERSION = 1;
				DEVELOPMENT_TEAM = 56U756R2L2;
				GENERATE_INFOPLIST_FILE = YES;
				IPHONEOS_DEPLOYMENT_TARGET = 17.2;
				MARKETING_VERSION = 1.0;
				PRODUCT_BUNDLE_IDENTIFIER = com.stormacq.app.demo.EC2ManagerUITests;
				PRODUCT_NAME = "$(TARGET_NAME)";
				SWIFT_EMIT_LOC_STRINGS = NO;
				SWIFT_VERSION = 5.0;
				TARGETED_DEVICE_FAMILY = "1,2";
				TEST_TARGET_NAME = EC2Manager;
			};
			name = Debug;
		};
		009DF6212B847E9B00A86F42 /* Release */ = {
			isa = XCBuildConfiguration;
			buildSettings = {
				CODE_SIGN_STYLE = Automatic;
				CURRENT_PROJECT_VERSION = 1;
				DEVELOPMENT_TEAM = 56U756R2L2;
				GENERATE_INFOPLIST_FILE = YES;
				IPHONEOS_DEPLOYMENT_TARGET = 17.2;
				MARKETING_VERSION = 1.0;
				PRODUCT_BUNDLE_IDENTIFIER = com.stormacq.app.demo.EC2ManagerUITests;
				PRODUCT_NAME = "$(TARGET_NAME)";
				SWIFT_EMIT_LOC_STRINGS = NO;
				SWIFT_VERSION = 5.0;
				TARGETED_DEVICE_FAMILY = "1,2";
				TEST_TARGET_NAME = EC2Manager;
			};
			name = Release;
		};
/* End XCBuildConfiguration section */

/* Begin XCConfigurationList section */
		008C553D2B365C5600317701 /* Build configuration list for PBXProject "EC2Manager" */ = {
			isa = XCConfigurationList;
			buildConfigurations = (
				008C554E2B365C5700317701 /* Debug */,
				008C554F2B365C5700317701 /* Release */,
			);
			defaultConfigurationIsVisible = 0;
			defaultConfigurationName = Release;
		};
		008C55502B365C5700317701 /* Build configuration list for PBXNativeTarget "EC2Manager" */ = {
			isa = XCConfigurationList;
			buildConfigurations = (
				008C55512B365C5700317701 /* Debug */,
				008C55522B365C5700317701 /* Release */,
			);
			defaultConfigurationIsVisible = 0;
			defaultConfigurationName = Release;
		};
		009DF6122B847E3500A86F42 /* Build configuration list for PBXNativeTarget "EC2ManagerUnitTests" */ = {
			isa = XCConfigurationList;
			buildConfigurations = (
				009DF6102B847E3500A86F42 /* Debug */,
				009DF6112B847E3500A86F42 /* Release */,
			);
			defaultConfigurationIsVisible = 0;
			defaultConfigurationName = Release;
		};
		009DF61F2B847E9B00A86F42 /* Build configuration list for PBXNativeTarget "EC2ManagerUITests" */ = {
			isa = XCConfigurationList;
			buildConfigurations = (
				009DF6202B847E9B00A86F42 /* Debug */,
				009DF6212B847E9B00A86F42 /* Release */,
			);
			defaultConfigurationIsVisible = 0;
			defaultConfigurationName = Release;
		};
/* End XCConfigurationList section */

/* Begin XCRemoteSwiftPackageReference section */
		005714032B7BC9FD00380310 /* XCRemoteSwiftPackageReference "amplify-swift" */ = {
			isa = XCRemoteSwiftPackageReference;
			repositoryURL = "https://github.com/aws-amplify/amplify-swift";
			requirement = {
				kind = upToNextMajorVersion;
				minimumVersion = 2.26.1;
			};
		};
		007469D82B3B2054007A7DEB /* XCRemoteSwiftPackageReference "swift-log" */ = {
			isa = XCRemoteSwiftPackageReference;
			repositoryURL = "https://github.com/apple/swift-log";
			requirement = {
				kind = upToNextMajorVersion;
				minimumVersion = 1.5.3;
			};
		};
		007469E22B3B209E007A7DEB /* XCRemoteSwiftPackageReference "amplify-ui-swift-authenticator" */ = {
			isa = XCRemoteSwiftPackageReference;
			repositoryURL = "https://github.com/aws-amplify/amplify-ui-swift-authenticator";
			requirement = {
				kind = upToNextMajorVersion;
				minimumVersion = 1.1.0;
			};
		};
		00DA4B1E2B88F5F100D1FB40 /* XCRemoteSwiftPackageReference "aws-sdk-swift" */ = {
			isa = XCRemoteSwiftPackageReference;
			repositoryURL = "https://github.com/awslabs/aws-sdk-swift";
			requirement = {
				kind = exactVersion;
				version = 0.36.1;
			};
		};
/* End XCRemoteSwiftPackageReference section */

/* Begin XCSwiftPackageProductDependency section */
		007469D92B3B2054007A7DEB /* Logging */ = {
			isa = XCSwiftPackageProductDependency;
			package = 007469D82B3B2054007A7DEB /* XCRemoteSwiftPackageReference "swift-log" */;
			productName = Logging;
		};
		007469E32B3B209E007A7DEB /* Authenticator */ = {
			isa = XCSwiftPackageProductDependency;
			package = 007469E22B3B209E007A7DEB /* XCRemoteSwiftPackageReference "amplify-ui-swift-authenticator" */;
			productName = Authenticator;
		};
		00D4F2822B70CDCA003B8E8B /* AWSPluginsCore */ = {
			isa = XCSwiftPackageProductDependency;
			productName = AWSPluginsCore;
		};
		00D4F2882B70CDCA003B8E8B /* Amplify */ = {
			isa = XCSwiftPackageProductDependency;
			productName = Amplify;
		};
		00D4F2AD2B70D2C1003B8E8B /* AWSCognitoAuthPlugin */ = {
			isa = XCSwiftPackageProductDependency;
			productName = AWSCognitoAuthPlugin;
		};
		00DA4B1F2B88F60B00D1FB40 /* AWSBedrockAgentRuntime */ = {
			isa = XCSwiftPackageProductDependency;
			package = 00DA4B1E2B88F5F100D1FB40 /* XCRemoteSwiftPackageReference "aws-sdk-swift" */;
			productName = AWSBedrockAgentRuntime;
		};
		00DA4B212B88F60B00D1FB40 /* AWSBedrockRuntime */ = {
			isa = XCSwiftPackageProductDependency;
			package = 00DA4B1E2B88F5F100D1FB40 /* XCRemoteSwiftPackageReference "aws-sdk-swift" */;
			productName = AWSBedrockRuntime;
		};
/* End XCSwiftPackageProductDependency section */
	};
	rootObject = 008C553A2B365C5600317701 /* Project object */;
}
